
Microsoft Visual Studio Solution File, Format Version 12.00
# Visual Studio 2013
VisualStudioVersion = 12.0.31101.0
MinimumVisualStudioVersion = 10.0.40219.1
Project("{9092AA53-FB77-4645-B42D-1CCCA6BD08BD}") = "04_AddingNumbersUsingFunctions", "04_AddingNumbersUsingFunctions\04_AddingNumbersUsingFunctions.njsproj", "{FD5E0D43-9723-493B-B088-DFB2089ED87C}"
EndProject
Project("{9092AA53-FB77-4645-B42D-1CCCA6BD08BD}") = "03_TestValueOf_this", "03_TestValueOf_this\03_TestValueOf_this.njsproj", "{2083B652-5B62-4BB7-B901-C816EC0C945E}"
EndProject
Project("{9092AA53-FB77-4645-B42D-1CCCA6BD08BD}") = "01_functionArguments", "01_functionArguments\01_functionArguments.njsproj", "{1B4985D7-0966-4CD6-835D-83017A3FAE29}"
EndProject
Project("{9092AA53-FB77-4645-B42D-1CCCA6BD08BD}") = "06_DOM_Traversal", "06_DOM_Traversal\06_DOM_Traversal.njsproj", "{086D7AB1-A7D3-425D-B197-A4DF69585A2E}"
EndProject
Global
	GlobalSection(SolutionConfigurationPlatforms) = preSolution
		Debug|Any CPU = Debug|Any CPU
		Release|Any CPU = Release|Any CPU
	EndGlobalSection
	GlobalSection(ProjectConfigurationPlatforms) = postSolution
		{FD5E0D43-9723-493B-B088-DFB2089ED87C}.Debug|Any CPU.ActiveCfg = Debug|Any CPU
		{FD5E0D43-9723-493B-B088-DFB2089ED87C}.Debug|Any CPU.Build.0 = Debug|Any CPU
		{FD5E0D43-9723-493B-B088-DFB2089ED87C}.Release|Any CPU.ActiveCfg = Release|Any CPU
		{FD5E0D43-9723-493B-B088-DFB2089ED87C}.Release|Any CPU.Build.0 = Release|Any CPU
		{2083B652-5B62-4BB7-B901-C816EC0C945E}.Debug|Any CPU.ActiveCfg = Debug|Any CPU
		{2083B652-5B62-4BB7-B901-C816EC0C945E}.Debug|Any CPU.Build.0 = Debug|Any CPU
		{2083B652-5B62-4BB7-B901-C816EC0C945E}.Release|Any CPU.ActiveCfg = Release|Any CPU
		{2083B652-5B62-4BB7-B901-C816EC0C945E}.Release|Any CPU.Build.0 = Release|Any CPU
		{1B4985D7-0966-4CD6-835D-83017A3FAE29}.Debug|Any CPU.ActiveCfg = Debug|Any CPU
		{1B4985D7-0966-4CD6-835D-83017A3FAE29}.Debug|Any CPU.Build.0 = Debug|Any CPU
		{1B4985D7-0966-4CD6-835D-83017A3FAE29}.Release|Any CPU.ActiveCfg = Release|Any CPU
		{1B4985D7-0966-4CD6-835D-83017A3FAE29}.Release|Any CPU.Build.0 = Release|Any CPU
		{086D7AB1-A7D3-425D-B197-A4DF69585A2E}.Debug|Any CPU.ActiveCfg = Debug|Any CPU
		{086D7AB1-A7D3-425D-B197-A4DF69585A2E}.Debug|Any CPU.Build.0 = Debug|Any CPU
		{086D7AB1-A7D3-425D-B197-A4DF69585A2E}.Release|Any CPU.ActiveCfg = Release|Any CPU
		{086D7AB1-A7D3-425D-B197-A4DF69585A2E}.Release|Any CPU.Build.0 = Release|Any CPU
	EndGlobalSection
	GlobalSection(SolutionProperties) = preSolution
		HideSolutionNode = FALSE
	EndGlobalSection
EndGlobal
