
Microsoft Visual Studio Solution File, Format Version 12.00
# Visual Studio 2013
VisualStudioVersion = 12.0.40629.0
MinimumVisualStudioVersion = 10.0.40219.1
Project("{9092AA53-FB77-4645-B42D-1CCCA6BD08BD}") = "currentTime", "currentTime\currentTime.njsproj", "{EDE08A7B-F0AA-4C17-97C5-7F4F55D6CFCC}"
EndProject
Global
	GlobalSection(SolutionConfigurationPlatforms) = preSolution
		Debug|Any CPU = Debug|Any CPU
		Release|Any CPU = Release|Any CPU
	EndGlobalSection
	GlobalSection(ProjectConfigurationPlatforms) = postSolution
		{EDE08A7B-F0AA-4C17-97C5-7F4F55D6CFCC}.Debug|Any CPU.ActiveCfg = Debug|Any CPU
		{EDE08A7B-F0AA-4C17-97C5-7F4F55D6CFCC}.Debug|Any CPU.Build.0 = Debug|Any CPU
		{EDE08A7B-F0AA-4C17-97C5-7F4F55D6CFCC}.Release|Any CPU.ActiveCfg = Release|Any CPU
		{EDE08A7B-F0AA-4C17-97C5-7F4F55D6CFCC}.Release|Any CPU.Build.0 = Release|Any CPU
	EndGlobalSection
	GlobalSection(SolutionProperties) = preSolution
		HideSolutionNode = FALSE
	EndGlobalSection
EndGlobal
