
Microsoft Visual Studio Solution File, Format Version 12.00
# Visual Studio 2013
VisualStudioVersion = 12.0.31101.0
MinimumVisualStudioVersion = 10.0.40219.1
Project("{9092AA53-FB77-4645-B42D-1CCCA6BD08BD}") = "01_Bug_fix", "Homework_SimulatingOOP_JavaScript\01_Bug_fix.njsproj", "{A2681174-EB22-4E29-B2FB-1521FBBA21A3}"
EndProject
Project("{9092AA53-FB77-4645-B42D-1CCCA6BD08BD}") = "02_Bug_fix_Level2", "02_Bug_fix_Level2\02_Bug_fix_Level2.njsproj", "{C453D726-AEE1-47E9-988A-62DE9148C9DC}"
EndProject
Project("{9092AA53-FB77-4645-B42D-1CCCA6BD08BD}") = "03_ArrayFlattening", "03_ArrayFlattening\03_ArrayFlattening.njsproj", "{115918BA-A84A-44B3-8EE4-6F8F7F7E5C76}"
EndProject
Project("{9092AA53-FB77-4645-B42D-1CCCA6BD08BD}") = "04_UsefulStringMethods", "04_UsefulStringMethods\04_UsefulStringMethods.njsproj", "{EBDF45BD-317D-4E01-AB24-C92A012F676A}"
EndProject
Global
	GlobalSection(SolutionConfigurationPlatforms) = preSolution
		Debug|Any CPU = Debug|Any CPU
		Release|Any CPU = Release|Any CPU
	EndGlobalSection
	GlobalSection(ProjectConfigurationPlatforms) = postSolution
		{A2681174-EB22-4E29-B2FB-1521FBBA21A3}.Debug|Any CPU.ActiveCfg = Debug|Any CPU
		{A2681174-EB22-4E29-B2FB-1521FBBA21A3}.Debug|Any CPU.Build.0 = Debug|Any CPU
		{A2681174-EB22-4E29-B2FB-1521FBBA21A3}.Release|Any CPU.ActiveCfg = Release|Any CPU
		{A2681174-EB22-4E29-B2FB-1521FBBA21A3}.Release|Any CPU.Build.0 = Release|Any CPU
		{C453D726-AEE1-47E9-988A-62DE9148C9DC}.Debug|Any CPU.ActiveCfg = Debug|Any CPU
		{C453D726-AEE1-47E9-988A-62DE9148C9DC}.Debug|Any CPU.Build.0 = Debug|Any CPU
		{C453D726-AEE1-47E9-988A-62DE9148C9DC}.Release|Any CPU.ActiveCfg = Release|Any CPU
		{C453D726-AEE1-47E9-988A-62DE9148C9DC}.Release|Any CPU.Build.0 = Release|Any CPU
		{115918BA-A84A-44B3-8EE4-6F8F7F7E5C76}.Debug|Any CPU.ActiveCfg = Debug|Any CPU
		{115918BA-A84A-44B3-8EE4-6F8F7F7E5C76}.Debug|Any CPU.Build.0 = Debug|Any CPU
		{115918BA-A84A-44B3-8EE4-6F8F7F7E5C76}.Release|Any CPU.ActiveCfg = Release|Any CPU
		{115918BA-A84A-44B3-8EE4-6F8F7F7E5C76}.Release|Any CPU.Build.0 = Release|Any CPU
		{EBDF45BD-317D-4E01-AB24-C92A012F676A}.Debug|Any CPU.ActiveCfg = Debug|Any CPU
		{EBDF45BD-317D-4E01-AB24-C92A012F676A}.Debug|Any CPU.Build.0 = Debug|Any CPU
		{EBDF45BD-317D-4E01-AB24-C92A012F676A}.Release|Any CPU.ActiveCfg = Release|Any CPU
		{EBDF45BD-317D-4E01-AB24-C92A012F676A}.Release|Any CPU.Build.0 = Release|Any CPU
	EndGlobalSection
	GlobalSection(SolutionProperties) = preSolution
		HideSolutionNode = FALSE
	EndGlobalSection
EndGlobal
