
Microsoft Visual Studio Solution File, Format Version 12.00
# Visual Studio 2013
VisualStudioVersion = 12.0.31101.0
MinimumVisualStudioVersion = 10.0.40219.1
Project("{9092AA53-FB77-4645-B42D-1CCCA6BD08BD}") = "Functions", "Test\Functions.njsproj", "{3BA32505-93E3-4B11-AB52-6F075EA71DF7}"
EndProject
Project("{9092AA53-FB77-4645-B42D-1CCCA6BD08BD}") = "Recursion", "Recursion\Recursion.njsproj", "{D8F9DD81-776D-483B-B084-80164A875ED9}"
EndProject
Project("{9092AA53-FB77-4645-B42D-1CCCA6BD08BD}") = "nestedFunctions", "nestedFunctions\nestedFunctions.njsproj", "{48E4BE14-F472-440A-A679-D35AADA6CE5E}"
EndProject
Project("{9092AA53-FB77-4645-B42D-1CCCA6BD08BD}") = "closures", "closures\closures.njsproj", "{895683A6-8486-4471-BE6B-9A434CB55F4B}"
EndProject
Global
	GlobalSection(SolutionConfigurationPlatforms) = preSolution
		Debug|Any CPU = Debug|Any CPU
		Release|Any CPU = Release|Any CPU
	EndGlobalSection
	GlobalSection(ProjectConfigurationPlatforms) = postSolution
		{3BA32505-93E3-4B11-AB52-6F075EA71DF7}.Debug|Any CPU.ActiveCfg = Debug|Any CPU
		{3BA32505-93E3-4B11-AB52-6F075EA71DF7}.Debug|Any CPU.Build.0 = Debug|Any CPU
		{3BA32505-93E3-4B11-AB52-6F075EA71DF7}.Release|Any CPU.ActiveCfg = Release|Any CPU
		{3BA32505-93E3-4B11-AB52-6F075EA71DF7}.Release|Any CPU.Build.0 = Release|Any CPU
		{D8F9DD81-776D-483B-B084-80164A875ED9}.Debug|Any CPU.ActiveCfg = Debug|Any CPU
		{D8F9DD81-776D-483B-B084-80164A875ED9}.Debug|Any CPU.Build.0 = Debug|Any CPU
		{D8F9DD81-776D-483B-B084-80164A875ED9}.Release|Any CPU.ActiveCfg = Release|Any CPU
		{D8F9DD81-776D-483B-B084-80164A875ED9}.Release|Any CPU.Build.0 = Release|Any CPU
		{48E4BE14-F472-440A-A679-D35AADA6CE5E}.Debug|Any CPU.ActiveCfg = Debug|Any CPU
		{48E4BE14-F472-440A-A679-D35AADA6CE5E}.Debug|Any CPU.Build.0 = Debug|Any CPU
		{48E4BE14-F472-440A-A679-D35AADA6CE5E}.Release|Any CPU.ActiveCfg = Release|Any CPU
		{48E4BE14-F472-440A-A679-D35AADA6CE5E}.Release|Any CPU.Build.0 = Release|Any CPU
		{895683A6-8486-4471-BE6B-9A434CB55F4B}.Debug|Any CPU.ActiveCfg = Debug|Any CPU
		{895683A6-8486-4471-BE6B-9A434CB55F4B}.Debug|Any CPU.Build.0 = Debug|Any CPU
		{895683A6-8486-4471-BE6B-9A434CB55F4B}.Release|Any CPU.ActiveCfg = Release|Any CPU
		{895683A6-8486-4471-BE6B-9A434CB55F4B}.Release|Any CPU.Build.0 = Release|Any CPU
	EndGlobalSection
	GlobalSection(SolutionProperties) = preSolution
		HideSolutionNode = FALSE
	EndGlobalSection
EndGlobal
